// !$*UTF8*$!
{
	archiveVersion = 1;
	classes = {
	};
	objectVersion = 50;
	objects = {

/* Begin PBXBuildFile section */
		6433A13823DE7989002A14BF /* AppDelegate.swift in Sources */ = {isa = PBXBuildFile; fileRef = 6433A13723DE7989002A14BF /* AppDelegate.swift */; };
		6433A13A23DE7989002A14BF /* SceneDelegate.swift in Sources */ = {isa = PBXBuildFile; fileRef = 6433A13923DE7989002A14BF /* SceneDelegate.swift */; };
		6433A13C23DE7989002A14BF /* DishController.swift in Sources */ = {isa = PBXBuildFile; fileRef = 6433A13B23DE7989002A14BF /* DishController.swift */; };
		6433A13F23DE7989002A14BF /* Main.storyboard in Resources */ = {isa = PBXBuildFile; fileRef = 6433A13D23DE7989002A14BF /* Main.storyboard */; };
		6433A14223DE7989002A14BF /* ServingsUp.xcdatamodeld in Sources */ = {isa = PBXBuildFile; fileRef = 6433A14023DE7989002A14BF /* ServingsUp.xcdatamodeld */; };
		6433A14423DE798C002A14BF /* Assets.xcassets in Resources */ = {isa = PBXBuildFile; fileRef = 6433A14323DE798C002A14BF /* Assets.xcassets */; };
		6433A14723DE798C002A14BF /* LaunchScreen.storyboard in Resources */ = {isa = PBXBuildFile; fileRef = 6433A14523DE798C002A14BF /* LaunchScreen.storyboard */; };
		6433A14F23DE7A58002A14BF /* BookController.swift in Sources */ = {isa = PBXBuildFile; fileRef = 6433A14E23DE7A58002A14BF /* BookController.swift */; };
		6433A15123DE7A9E002A14BF /* TabShareController.swift in Sources */ = {isa = PBXBuildFile; fileRef = 6433A15023DE7A9E002A14BF /* TabShareController.swift */; };
		6433A15323DE7ABA002A14BF /* AddIngredientController.swift in Sources */ = {isa = PBXBuildFile; fileRef = 6433A15223DE7ABA002A14BF /* AddIngredientController.swift */; };
		6433A15723DE7AED002A14BF /* Dish.swift in Sources */ = {isa = PBXBuildFile; fileRef = 6433A15623DE7AED002A14BF /* Dish.swift */; };
		6433A15B23DE7B07002A14BF /* Ingredient.swift in Sources */ = {isa = PBXBuildFile; fileRef = 6433A15A23DE7B07002A14BF /* Ingredient.swift */; };
		6433A15E23DE7B22002A14BF /* DatabaseController.swift in Sources */ = {isa = PBXBuildFile; fileRef = 6433A15D23DE7B22002A14BF /* DatabaseController.swift */; };
/* End PBXBuildFile section */

/* Begin PBXFileReference section */
		6433A13423DE7989002A14BF /* ServingsUp.app */ = {isa = PBXFileReference; explicitFileType = wrapper.application; includeInIndex = 0; path = ServingsUp.app; sourceTree = BUILT_PRODUCTS_DIR; };
		6433A13723DE7989002A14BF /* AppDelegate.swift */ = {isa = PBXFileReference; lastKnownFileType = sourcecode.swift; path = AppDelegate.swift; sourceTree = "<group>"; };
		6433A13923DE7989002A14BF /* SceneDelegate.swift */ = {isa = PBXFileReference; lastKnownFileType = sourcecode.swift; path = SceneDelegate.swift; sourceTree = "<group>"; };
		6433A13B23DE7989002A14BF /* DishController.swift */ = {isa = PBXFileReference; lastKnownFileType = sourcecode.swift; path = DishController.swift; sourceTree = "<group>"; };
		6433A13E23DE7989002A14BF /* Base */ = {isa = PBXFileReference; lastKnownFileType = file.storyboard; name = Base; path = Base.lproj/Main.storyboard; sourceTree = "<group>"; };
		6433A14123DE7989002A14BF /* ServingsUp.xcdatamodel */ = {isa = PBXFileReference; lastKnownFileType = wrapper.xcdatamodel; path = ServingsUp.xcdatamodel; sourceTree = "<group>"; };
		6433A14323DE798C002A14BF /* Assets.xcassets */ = {isa = PBXFileReference; lastKnownFileType = folder.assetcatalog; path = Assets.xcassets; sourceTree = "<group>"; };
		6433A14623DE798C002A14BF /* Base */ = {isa = PBXFileReference; lastKnownFileType = file.storyboard; name = Base; path = Base.lproj/LaunchScreen.storyboard; sourceTree = "<group>"; };
		6433A14823DE798C002A14BF /* Info.plist */ = {isa = PBXFileReference; lastKnownFileType = text.plist.xml; path = Info.plist; sourceTree = "<group>"; };
		6433A14E23DE7A58002A14BF /* BookController.swift */ = {isa = PBXFileReference; lastKnownFileType = sourcecode.swift; path = BookController.swift; sourceTree = "<group>"; };
		6433A15023DE7A9E002A14BF /* TabShareController.swift */ = {isa = PBXFileReference; lastKnownFileType = sourcecode.swift; path = TabShareController.swift; sourceTree = "<group>"; };
		6433A15223DE7ABA002A14BF /* AddIngredientController.swift */ = {isa = PBXFileReference; lastKnownFileType = sourcecode.swift; path = AddIngredientController.swift; sourceTree = "<group>"; };
		6433A15623DE7AED002A14BF /* Dish.swift */ = {isa = PBXFileReference; lastKnownFileType = sourcecode.swift; path = Dish.swift; sourceTree = "<group>"; };
		6433A15A23DE7B07002A14BF /* Ingredient.swift */ = {isa = PBXFileReference; lastKnownFileType = sourcecode.swift; path = Ingredient.swift; sourceTree = "<group>"; };
		6433A15D23DE7B22002A14BF /* DatabaseController.swift */ = {isa = PBXFileReference; lastKnownFileType = sourcecode.swift; path = DatabaseController.swift; sourceTree = "<group>"; };
/* End PBXFileReference section */

/* Begin PBXFrameworksBuildPhase section */
		6433A13123DE7989002A14BF /* Frameworks */ = {
			isa = PBXFrameworksBuildPhase;
			buildActionMask = 2147483647;
			files = (
			);
			runOnlyForDeploymentPostprocessing = 0;
		};
/* End PBXFrameworksBuildPhase section */

/* Begin PBXGroup section */
		6433A12B23DE7989002A14BF = {
			isa = PBXGroup;
			children = (
				6433A13623DE7989002A14BF /* ServingsUp */,
				6433A13523DE7989002A14BF /* Products */,
			);
			sourceTree = "<group>";
		};
		6433A13523DE7989002A14BF /* Products */ = {
			isa = PBXGroup;
			children = (
				6433A13423DE7989002A14BF /* ServingsUp.app */,
			);
			name = Products;
			sourceTree = "<group>";
		};
		6433A13623DE7989002A14BF /* ServingsUp */ = {
			isa = PBXGroup;
			children = (
				646233832416058100EDC0AB /* Controller */,
				64623380241604A600EDC0AB /* View */,
				6433A15C23DE7B0F002A14BF /* Model */,
				6433A14323DE798C002A14BF /* Assets.xcassets */,
				6433A14823DE798C002A14BF /* Info.plist */,
			);
			path = ServingsUp;
			sourceTree = "<group>";
		};
		6433A15C23DE7B0F002A14BF /* Model */ = {
			isa = PBXGroup;
			children = (
				6433A13723DE7989002A14BF /* AppDelegate.swift */,
				6433A13923DE7989002A14BF /* SceneDelegate.swift */,
				6433A15623DE7AED002A14BF /* Dish.swift */,
				6433A15A23DE7B07002A14BF /* Ingredient.swift */,
				6433A14023DE7989002A14BF /* ServingsUp.xcdatamodeld */,
			);
			path = Model;
			sourceTree = "<group>";
		};
		64623380241604A600EDC0AB /* View */ = {
			isa = PBXGroup;
			children = (
				6433A13D23DE7989002A14BF /* Main.storyboard */,
				6433A14523DE798C002A14BF /* LaunchScreen.storyboard */,
			);
			path = View;
			sourceTree = "<group>";
		};
		646233832416058100EDC0AB /* Controller */ = {
			isa = PBXGroup;
			children = (
				6433A13B23DE7989002A14BF /* DishController.swift */,
				6433A15223DE7ABA002A14BF /* AddIngredientController.swift */,
				6433A14E23DE7A58002A14BF /* BookController.swift */,
				6433A15023DE7A9E002A14BF /* TabShareController.swift */,
				6433A15D23DE7B22002A14BF /* DatabaseController.swift */,
			);
			path = Controller;
			sourceTree = "<group>";
		};
/* End PBXGroup section */

/* Begin PBXNativeTarget section */
		6433A13323DE7989002A14BF /* ServingsUp */ = {
			isa = PBXNativeTarget;
			buildConfigurationList = 6433A14B23DE798C002A14BF /* Build configuration list for PBXNativeTarget "ServingsUp" */;
			buildPhases = (
				6433A13023DE7989002A14BF /* Sources */,
				6433A13123DE7989002A14BF /* Frameworks */,
				6433A13223DE7989002A14BF /* Resources */,
			);
			buildRules = (
			);
			dependencies = (
			);
			name = ServingsUp;
			productName = ServingsUp;
			productReference = 6433A13423DE7989002A14BF /* ServingsUp.app */;
			productType = "com.apple.product-type.application";
		};
/* End PBXNativeTarget section */

/* Begin PBXProject section */
		6433A12C23DE7989002A14BF /* Project object */ = {
			isa = PBXProject;
			attributes = {
				LastSwiftUpdateCheck = 1130;
				LastUpgradeCheck = 1130;
				ORGANIZATIONNAME = "Elias Hall";
				TargetAttributes = {
					6433A13323DE7989002A14BF = {
						CreatedOnToolsVersion = 11.3.1;
					};
				};
			};
			buildConfigurationList = 6433A12F23DE7989002A14BF /* Build configuration list for PBXProject "ServingsUp" */;
			compatibilityVersion = "Xcode 9.3";
			developmentRegion = en;
			hasScannedForEncodings = 0;
			knownRegions = (
				en,
				Base,
			);
			mainGroup = 6433A12B23DE7989002A14BF;
			productRefGroup = 6433A13523DE7989002A14BF /* Products */;
			projectDirPath = "";
			projectRoot = "";
			targets = (
				6433A13323DE7989002A14BF /* ServingsUp */,
			);
		};
/* End PBXProject section */

/* Begin PBXResourcesBuildPhase section */
		6433A13223DE7989002A14BF /* Resources */ = {
			isa = PBXResourcesBuildPhase;
			buildActionMask = 2147483647;
			files = (
				6433A14723DE798C002A14BF /* LaunchScreen.storyboard in Resources */,
				6433A14423DE798C002A14BF /* Assets.xcassets in Resources */,
				6433A13F23DE7989002A14BF /* Main.storyboard in Resources */,
			);
			runOnlyForDeploymentPostprocessing = 0;
		};
/* End PBXResourcesBuildPhase section */

/* Begin PBXSourcesBuildPhase section */
		6433A13023DE7989002A14BF /* Sources */ = {
			isa = PBXSourcesBuildPhase;
			buildActionMask = 2147483647;
			files = (
				6433A15323DE7ABA002A14BF /* AddIngredientController.swift in Sources */,
				6433A13C23DE7989002A14BF /* DishController.swift in Sources */,
				6433A15123DE7A9E002A14BF /* TabShareController.swift in Sources */,
				6433A14F23DE7A58002A14BF /* BookController.swift in Sources */,
				6433A14223DE7989002A14BF /* ServingsUp.xcdatamodeld in Sources */,
				6433A13823DE7989002A14BF /* AppDelegate.swift in Sources */,
				6433A15723DE7AED002A14BF /* Dish.swift in Sources */,
				6433A13A23DE7989002A14BF /* SceneDelegate.swift in Sources */,
				6433A15E23DE7B22002A14BF /* DatabaseController.swift in Sources */,
				6433A15B23DE7B07002A14BF /* Ingredient.swift in Sources */,
			);
			runOnlyForDeploymentPostprocessing = 0;
		};
/* End PBXSourcesBuildPhase section */

/* Begin PBXVariantGroup section */
		6433A13D23DE7989002A14BF /* Main.storyboard */ = {
			isa = PBXVariantGroup;
			children = (
				6433A13E23DE7989002A14BF /* Base */,
			);
			name = Main.storyboard;
			sourceTree = "<group>";
		};
		6433A14523DE798C002A14BF /* LaunchScreen.storyboard */ = {
			isa = PBXVariantGroup;
			children = (
				6433A14623DE798C002A14BF /* Base */,
			);
			name = LaunchScreen.storyboard;
			sourceTree = "<group>";
		};
/* End PBXVariantGroup section */

/* Begin XCBuildConfiguration section */
		6433A14923DE798C002A14BF /* Debug */ = {
			isa = XCBuildConfiguration;
			buildSettings = {
				ALWAYS_SEARCH_USER_PATHS = NO;
				CLANG_ANALYZER_NONNULL = YES;
				CLANG_ANALYZER_NUMBER_OBJECT_CONVERSION = YES_AGGRESSIVE;
				CLANG_CXX_LANGUAGE_STANDARD = "gnu++14";
				CLANG_CXX_LIBRARY = "libc++";
				CLANG_ENABLE_MODULES = YES;
				CLANG_ENABLE_OBJC_ARC = YES;
				CLANG_ENABLE_OBJC_WEAK = YES;
				CLANG_WARN_BLOCK_CAPTURE_AUTORELEASING = YES;
				CLANG_WARN_BOOL_CONVERSION = YES;
				CLANG_WARN_COMMA = YES;
				CLANG_WARN_CONSTANT_CONVERSION = YES;
				CLANG_WARN_DEPRECATED_OBJC_IMPLEMENTATIONS = YES;
				CLANG_WARN_DIRECT_OBJC_ISA_USAGE = YES_ERROR;
				CLANG_WARN_DOCUMENTATION_COMMENTS = YES;
				CLANG_WARN_EMPTY_BODY = YES;
				CLANG_WARN_ENUM_CONVERSION = YES;
				CLANG_WARN_INFINITE_RECURSION = YES;
				CLANG_WARN_INT_CONVERSION = YES;
				CLANG_WARN_NON_LITERAL_NULL_CONVERSION = YES;
				CLANG_WARN_OBJC_IMPLICIT_RETAIN_SELF = YES;
				CLANG_WARN_OBJC_LITERAL_CONVERSION = YES;
				CLANG_WARN_OBJC_ROOT_CLASS = YES_ERROR;
				CLANG_WARN_RANGE_LOOP_ANALYSIS = YES;
				CLANG_WARN_STRICT_PROTOTYPES = YES;
				CLANG_WARN_SUSPICIOUS_MOVE = YES;
				CLANG_WARN_UNGUARDED_AVAILABILITY = YES_AGGRESSIVE;
				CLANG_WARN_UNREACHABLE_CODE = YES;
				CLANG_WARN__DUPLICATE_METHOD_MATCH = YES;
				COPY_PHASE_STRIP = NO;
				DEBUG_INFORMATION_FORMAT = dwarf;
				ENABLE_STRICT_OBJC_MSGSEND = YES;
				ENABLE_TESTABILITY = YES;
				GCC_C_LANGUAGE_STANDARD = gnu11;
				GCC_DYNAMIC_NO_PIC = NO;
				GCC_NO_COMMON_BLOCKS = YES;
				GCC_OPTIMIZATION_LEVEL = 0;
				GCC_PREPROCESSOR_DEFINITIONS = (
					"DEBUG=1",
					"$(inherited)",
				);
				GCC_WARN_64_TO_32_BIT_CONVERSION = YES;
				GCC_WARN_ABOUT_RETURN_TYPE = YES_ERROR;
				GCC_WARN_UNDECLARED_SELECTOR = YES;
				GCC_WARN_UNINITIALIZED_AUTOS = YES_AGGRESSIVE;
				GCC_WARN_UNUSED_FUNCTION = YES;
				GCC_WARN_UNUSED_VARIABLE = YES;
				IPHONEOS_DEPLOYMENT_TARGET = 13.2;
				MTL_ENABLE_DEBUG_INFO = INCLUDE_SOURCE;
				MTL_FAST_MATH = YES;
				ONLY_ACTIVE_ARCH = YES;
				SDKROOT = iphoneos;
				SWIFT_ACTIVE_COMPILATION_CONDITIONS = DEBUG;
				SWIFT_OPTIMIZATION_LEVEL = "-Onone";
			};
			name = Debug;
		};
		6433A14A23DE798C002A14BF /* Release */ = {
			isa = XCBuildConfiguration;
			buildSettings = {
				ALWAYS_SEARCH_USER_PATHS = NO;
				CLANG_ANALYZER_NONNULL = YES;
				CLANG_ANALYZER_NUMBER_OBJECT_CONVERSION = YES_AGGRESSIVE;
				CLANG_CXX_LANGUAGE_STANDARD = "gnu++14";
				CLANG_CXX_LIBRARY = "libc++";
				CLANG_ENABLE_MODULES = YES;
				CLANG_ENABLE_OBJC_ARC = YES;
				CLANG_ENABLE_OBJC_WEAK = YES;
				CLANG_WARN_BLOCK_CAPTURE_AUTORELEASING = YES;
				CLANG_WARN_BOOL_CONVERSION = YES;
				CLANG_WARN_COMMA = YES;
				CLANG_WARN_CONSTANT_CONVERSION = YES;
				CLANG_WARN_DEPRECATED_OBJC_IMPLEMENTATIONS = YES;
				CLANG_WARN_DIRECT_OBJC_ISA_USAGE = YES_ERROR;
				CLANG_WARN_DOCUMENTATION_COMMENTS = YES;
				CLANG_WARN_EMPTY_BODY = YES;
				CLANG_WARN_ENUM_CONVERSION = YES;
				CLANG_WARN_INFINITE_RECURSION = YES;
				CLANG_WARN_INT_CONVERSION = YES;
				CLANG_WARN_NON_LITERAL_NULL_CONVERSION = YES;
				CLANG_WARN_OBJC_IMPLICIT_RETAIN_SELF = YES;
				CLANG_WARN_OBJC_LITERAL_CONVERSION = YES;
				CLANG_WARN_OBJC_ROOT_CLASS = YES_ERROR;
				CLANG_WARN_RANGE_LOOP_ANALYSIS = YES;
				CLANG_WARN_STRICT_PROTOTYPES = YES;
				CLANG_WARN_SUSPICIOUS_MOVE = YES;
				CLANG_WARN_UNGUARDED_AVAILABILITY = YES_AGGRESSIVE;
				CLANG_WARN_UNREACHABLE_CODE = YES;
				CLANG_WARN__DUPLICATE_METHOD_MATCH = YES;
				COPY_PHASE_STRIP = NO;
				DEBUG_INFORMATION_FORMAT = "dwarf-with-dsym";
				ENABLE_NS_ASSERTIONS = NO;
				ENABLE_STRICT_OBJC_MSGSEND = YES;
				GCC_C_LANGUAGE_STANDARD = gnu11;
				GCC_NO_COMMON_BLOCKS = YES;
				GCC_WARN_64_TO_32_BIT_CONVERSION = YES;
				GCC_WARN_ABOUT_RETURN_TYPE = YES_ERROR;
				GCC_WARN_UNDECLARED_SELECTOR = YES;
				GCC_WARN_UNINITIALIZED_AUTOS = YES_AGGRESSIVE;
				GCC_WARN_UNUSED_FUNCTION = YES;
				GCC_WARN_UNUSED_VARIABLE = YES;
				IPHONEOS_DEPLOYMENT_TARGET = 13.2;
				MTL_ENABLE_DEBUG_INFO = NO;
				MTL_FAST_MATH = YES;
				SDKROOT = iphoneos;
				SWIFT_COMPILATION_MODE = wholemodule;
				SWIFT_OPTIMIZATION_LEVEL = "-O";
				VALIDATE_PRODUCT = YES;
			};
			name = Release;
		};
		6433A14C23DE798C002A14BF /* Debug */ = {
			isa = XCBuildConfiguration;
			buildSettings = {
				ASSETCATALOG_COMPILER_APPICON_NAME = AppIcon;
				CODE_SIGN_STYLE = Automatic;
				DEVELOPMENT_TEAM = KFS7JDA8K2;
				INFOPLIST_FILE = ServingsUp/Info.plist;
				LD_RUNPATH_SEARCH_PATHS = (
					"$(inherited)",
					"@executable_path/Frameworks",
				);
				MARKETING_VERSION = 1.1;
				PRODUCT_BUNDLE_IDENTIFIER = com.eliashall.ServingsUp;
				PRODUCT_NAME = "$(TARGET_NAME)";
				SWIFT_VERSION = 5.0;
				TARGETED_DEVICE_FAMILY = "1,2";
			};
			name = Debug;
		};
		6433A14D23DE798C002A14BF /* Release */ = {
			isa = XCBuildConfiguration;
			buildSettings = {
				ASSETCATALOG_COMPILER_APPICON_NAME = AppIcon;
				CODE_SIGN_STYLE = Automatic;
				DEVELOPMENT_TEAM = KFS7JDA8K2;
				INFOPLIST_FILE = ServingsUp/Info.plist;
				LD_RUNPATH_SEARCH_PATHS = (
					"$(inherited)",
					"@executable_path/Frameworks",
				);
				MARKETING_VERSION = 1.1;
				PRODUCT_BUNDLE_IDENTIFIER = com.eliashall.ServingsUp;
				PRODUCT_NAME = "$(TARGET_NAME)";
				SWIFT_VERSION = 5.0;
				TARGETED_DEVICE_FAMILY = "1,2";
			};
			name = Release;
		};
/* End XCBuildConfiguration section */

/* Begin XCConfigurationList section */
		6433A12F23DE7989002A14BF /* Build configuration list for PBXProject "ServingsUp" */ = {
			isa = XCConfigurationList;
			buildConfigurations = (
				6433A14923DE798C002A14BF /* Debug */,
				6433A14A23DE798C002A14BF /* Release */,
			);
			defaultConfigurationIsVisible = 0;
			defaultConfigurationName = Release;
		};
		6433A14B23DE798C002A14BF /* Build configuration list for PBXNativeTarget "ServingsUp" */ = {
			isa = XCConfigurationList;
			buildConfigurations = (
				6433A14C23DE798C002A14BF /* Debug */,
				6433A14D23DE798C002A14BF /* Release */,
			);
			defaultConfigurationIsVisible = 0;
			defaultConfigurationName = Release;
		};
/* End XCConfigurationList section */

/* Begin XCVersionGroup section */
		6433A14023DE7989002A14BF /* ServingsUp.xcdatamodeld */ = {
			isa = XCVersionGroup;
			children = (
				6433A14123DE7989002A14BF /* ServingsUp.xcdatamodel */,
			);
			currentVersion = 6433A14123DE7989002A14BF /* ServingsUp.xcdatamodel */;
			path = ServingsUp.xcdatamodeld;
			sourceTree = "<group>";
			versionGroupType = wrapper.xcdatamodel;
		};
/* End XCVersionGroup section */
	};
	rootObject = 6433A12C23DE7989002A14BF /* Project object */;
}
